
Microsoft Visual Studio Solution File, Format Version 12.00
# Visual Studio Version 17
VisualStudioVersion = 17.9.34518.117
MinimumVisualStudioVersion = 10.0.40219.1
Project("{2150E333-8FDC-42A3-9474-1A3956D46DE8}") = "Editor3D", "Editor3D", "{ABB6BB92-C7F5-4B4D-BCDA-D1AAFF302A91}"
EndProject
Project("{FAE04EC0-301F-11D3-BF4B-00C04F79EFBC}") = "Editor3D.WinForms", "Editor3D\Editor3D.WinForms\Editor3D.WinForms.csproj", "{70634D82-9FD4-4EC9-A1A8-92638B07E832}"
EndProject
Project("{2150E333-8FDC-42A3-9474-1A3956D46DE8}") = "BindingTest", "BindingTest", "{9771971B-4639-4715-8670-AD3A18CD665E}"
EndProject
Project("{FAE04EC0-301F-11D3-BF4B-00C04F79EFBC}") = "BindingTest.WinForms", "BindingTest\BindingTest.WinForms\BindingTest.WinForms.csproj", "{721AD67D-B138-420A-BB4E-65EF08026AC1}"
EndProject
Project("{2150E333-8FDC-42A3-9474-1A3956D46DE8}") = "MVVMSample", "MVVMSample", "{4111DDE9-598F-4847-8504-4F6347653A98}"
EndProject
Project("{FAE04EC0-301F-11D3-BF4B-00C04F79EFBC}") = "MVVMSample.WPF", "MVVMSample\MVVMSample.WPF\MVVMSample.WPF.csproj", "{42F194BD-3985-4C1D-AADE-B44C8373FA6B}"
EndProject
Project("{2150E333-8FDC-42A3-9474-1A3956D46DE8}") = "BlazorDataBinding", "BlazorDataBinding", "{97285B49-67CA-4A71-B648-76091ABC79F5}"
EndProject
Project("{2150E333-8FDC-42A3-9474-1A3956D46DE8}") = "Theming", "Theming", "{99784712-32E8-4509-A71A-25411BE9BBE5}"
EndProject
Project("{2150E333-8FDC-42A3-9474-1A3956D46DE8}") = "Reporting", "Reporting", "{16F9C26E-5285-4C1B-84D4-9D6B0DA9881F}"
EndProject
Project("{2150E333-8FDC-42A3-9474-1A3956D46DE8}") = "ThirdPartyControls", "ThirdPartyControls", "{EDFBD399-A39B-4F22-B544-BA0DB95593B0}"
EndProject
Project("{2150E333-8FDC-42A3-9474-1A3956D46DE8}") = "FileSystemIntegration", "FileSystemIntegration", "{3A811E08-45F4-4CCE-BBBA-5828E0164F4C}"
EndProject
Project("{9A19103F-16F7-4668-BE54-9A1E7A4F7556}") = "BlazorApp1", "BlazorDataBinding\BlazorApp1\BlazorApp1.csproj", "{495DA1CB-AAB3-4CEC-80AC-31923FC6103C}"
EndProject
Project("{9A19103F-16F7-4668-BE54-9A1E7A4F7556}") = "WisejNavigationApplication1", "BlazorDataBinding\WisejNavigationApplication1\WisejNavigationApplication1.csproj", "{0778BA38-EDDD-4DA4-B0EE-1AF70FDD725E}"
EndProject
Project("{9A19103F-16F7-4668-BE54-9A1E7A4F7556}") = "RemoteFileSystem", "FileSystemIntegration\RemoteFileSystem\RemoteFileSystem.csproj", "{53DEA0F7-1A1B-4319-8F41-BD975D2FE102}"
EndProject
Project("{9A19103F-16F7-4668-BE54-9A1E7A4F7556}") = "LocalFileSystem", "FileSystemIntegration\LocalFileSystem\LocalFileSystem.csproj", "{9E357E1E-05D6-4D77-ABCF-ABF4F5216F08}"
EndProject
Project("{9A19103F-16F7-4668-BE54-9A1E7A4F7556}") = "MVVMSample.Web", "MVVMSample\MVVMSample.Web\MVVMSample.Web.csproj", "{4D118B83-E122-4AAD-871F-9F04199F7022}"
EndProject
Project("{FAE04EC0-301F-11D3-BF4B-00C04F79EFBC}") = "Editor3D.Web", "Editor3D\Editor3D.Web\Editor3D.Web.csproj", "{185FB8E0-2176-49D6-98D6-30219D1EB364}"
EndProject
Global
	GlobalSection(SolutionConfigurationPlatforms) = preSolution
		Debug|Any CPU = Debug|Any CPU
		Release|Any CPU = Release|Any CPU
	EndGlobalSection
	GlobalSection(ProjectConfigurationPlatforms) = postSolution
		{70634D82-9FD4-4EC9-A1A8-92638B07E832}.Debug|Any CPU.ActiveCfg = Debug|Any CPU
		{70634D82-9FD4-4EC9-A1A8-92638B07E832}.Debug|Any CPU.Build.0 = Debug|Any CPU
		{70634D82-9FD4-4EC9-A1A8-92638B07E832}.Release|Any CPU.ActiveCfg = Release|Any CPU
		{70634D82-9FD4-4EC9-A1A8-92638B07E832}.Release|Any CPU.Build.0 = Release|Any CPU
		{721AD67D-B138-420A-BB4E-65EF08026AC1}.Debug|Any CPU.ActiveCfg = Debug|Any CPU
		{721AD67D-B138-420A-BB4E-65EF08026AC1}.Debug|Any CPU.Build.0 = Debug|Any CPU
		{721AD67D-B138-420A-BB4E-65EF08026AC1}.Release|Any CPU.ActiveCfg = Release|Any CPU
		{721AD67D-B138-420A-BB4E-65EF08026AC1}.Release|Any CPU.Build.0 = Release|Any CPU
		{42F194BD-3985-4C1D-AADE-B44C8373FA6B}.Debug|Any CPU.ActiveCfg = Debug|Any CPU
		{42F194BD-3985-4C1D-AADE-B44C8373FA6B}.Debug|Any CPU.Build.0 = Debug|Any CPU
		{42F194BD-3985-4C1D-AADE-B44C8373FA6B}.Release|Any CPU.ActiveCfg = Release|Any CPU
		{42F194BD-3985-4C1D-AADE-B44C8373FA6B}.Release|Any CPU.Build.0 = Release|Any CPU
		{495DA1CB-AAB3-4CEC-80AC-31923FC6103C}.Debug|Any CPU.ActiveCfg = Debug|Any CPU
		{495DA1CB-AAB3-4CEC-80AC-31923FC6103C}.Debug|Any CPU.Build.0 = Debug|Any CPU
		{495DA1CB-AAB3-4CEC-80AC-31923FC6103C}.Release|Any CPU.ActiveCfg = Release|Any CPU
		{495DA1CB-AAB3-4CEC-80AC-31923FC6103C}.Release|Any CPU.Build.0 = Release|Any CPU
		{0778BA38-EDDD-4DA4-B0EE-1AF70FDD725E}.Debug|Any CPU.ActiveCfg = Debug|Any CPU
		{0778BA38-EDDD-4DA4-B0EE-1AF70FDD725E}.Debug|Any CPU.Build.0 = Debug|Any CPU
		{0778BA38-EDDD-4DA4-B0EE-1AF70FDD725E}.Release|Any CPU.ActiveCfg = Release|Any CPU
		{0778BA38-EDDD-4DA4-B0EE-1AF70FDD725E}.Release|Any CPU.Build.0 = Release|Any CPU
		{53DEA0F7-1A1B-4319-8F41-BD975D2FE102}.Debug|Any CPU.ActiveCfg = Debug|Any CPU
		{53DEA0F7-1A1B-4319-8F41-BD975D2FE102}.Debug|Any CPU.Build.0 = Debug|Any CPU
		{53DEA0F7-1A1B-4319-8F41-BD975D2FE102}.Release|Any CPU.ActiveCfg = Release|Any CPU
		{53DEA0F7-1A1B-4319-8F41-BD975D2FE102}.Release|Any CPU.Build.0 = Release|Any CPU
		{9E357E1E-05D6-4D77-ABCF-ABF4F5216F08}.Debug|Any CPU.ActiveCfg = Debug|Any CPU
		{9E357E1E-05D6-4D77-ABCF-ABF4F5216F08}.Debug|Any CPU.Build.0 = Debug|Any CPU
		{9E357E1E-05D6-4D77-ABCF-ABF4F5216F08}.Release|Any CPU.ActiveCfg = Release|Any CPU
		{9E357E1E-05D6-4D77-ABCF-ABF4F5216F08}.Release|Any CPU.Build.0 = Release|Any CPU
		{4D118B83-E122-4AAD-871F-9F04199F7022}.Debug|Any CPU.ActiveCfg = Debug|Any CPU
		{4D118B83-E122-4AAD-871F-9F04199F7022}.Debug|Any CPU.Build.0 = Debug|Any CPU
		{4D118B83-E122-4AAD-871F-9F04199F7022}.Release|Any CPU.ActiveCfg = Release|Any CPU
		{4D118B83-E122-4AAD-871F-9F04199F7022}.Release|Any CPU.Build.0 = Release|Any CPU
		{185FB8E0-2176-49D6-98D6-30219D1EB364}.Debug|Any CPU.ActiveCfg = Debug|Any CPU
		{185FB8E0-2176-49D6-98D6-30219D1EB364}.Debug|Any CPU.Build.0 = Debug|Any CPU
		{185FB8E0-2176-49D6-98D6-30219D1EB364}.Release|Any CPU.ActiveCfg = Release|Any CPU
		{185FB8E0-2176-49D6-98D6-30219D1EB364}.Release|Any CPU.Build.0 = Release|Any CPU
	EndGlobalSection
	GlobalSection(SolutionProperties) = preSolution
		HideSolutionNode = FALSE
	EndGlobalSection
	GlobalSection(NestedProjects) = preSolution
		{70634D82-9FD4-4EC9-A1A8-92638B07E832} = {ABB6BB92-C7F5-4B4D-BCDA-D1AAFF302A91}
		{721AD67D-B138-420A-BB4E-65EF08026AC1} = {9771971B-4639-4715-8670-AD3A18CD665E}
		{42F194BD-3985-4C1D-AADE-B44C8373FA6B} = {4111DDE9-598F-4847-8504-4F6347653A98}
		{495DA1CB-AAB3-4CEC-80AC-31923FC6103C} = {97285B49-67CA-4A71-B648-76091ABC79F5}
		{0778BA38-EDDD-4DA4-B0EE-1AF70FDD725E} = {97285B49-67CA-4A71-B648-76091ABC79F5}
		{53DEA0F7-1A1B-4319-8F41-BD975D2FE102} = {3A811E08-45F4-4CCE-BBBA-5828E0164F4C}
		{9E357E1E-05D6-4D77-ABCF-ABF4F5216F08} = {3A811E08-45F4-4CCE-BBBA-5828E0164F4C}
		{4D118B83-E122-4AAD-871F-9F04199F7022} = {4111DDE9-598F-4847-8504-4F6347653A98}
		{185FB8E0-2176-49D6-98D6-30219D1EB364} = {ABB6BB92-C7F5-4B4D-BCDA-D1AAFF302A91}
	EndGlobalSection
	GlobalSection(ExtensibilityGlobals) = postSolution
		SolutionGuid = {CEB50855-380F-4806-BA15-E428477138DC}
	EndGlobalSection
EndGlobal
